// !$*UTF8*$!
{
	archiveVersion = 1;
	classes = {
	};
	objectVersion = 50;
	objects = {

/* Begin PBXBuildFile section */
		8ECC428023824E8A00859ABE /* AppDelegate.swift in Sources */ = {isa = PBXBuildFile; fileRef = 8ECC427F23824E8A00859ABE /* AppDelegate.swift */; };
		8ECC428223824E8A00859ABE /* SceneDelegate.swift in Sources */ = {isa = PBXBuildFile; fileRef = 8ECC428123824E8A00859ABE /* SceneDelegate.swift */; };
		8ECC428423824E8A00859ABE /* ViewController.swift in Sources */ = {isa = PBXBuildFile; fileRef = 8ECC428323824E8A00859ABE /* ViewController.swift */; };
		8ECC428723824E8A00859ABE /* Main.storyboard in Resources */ = {isa = PBXBuildFile; fileRef = 8ECC428523824E8A00859ABE /* Main.storyboard */; };
		8ECC428923824E8D00859ABE /* Assets.xcassets in Resources */ = {isa = PBXBuildFile; fileRef = 8ECC428823824E8D00859ABE /* Assets.xcassets */; };
		8ECC428C23824E8D00859ABE /* LaunchScreen.storyboard in Resources */ = {isa = PBXBuildFile; fileRef = 8ECC428A23824E8D00859ABE /* LaunchScreen.storyboard */; };
		8ECC429423824FDB00859ABE /* DateCollectionViewCell.swift in Sources */ = {isa = PBXBuildFile; fileRef = 8ECC429323824FDB00859ABE /* DateCollectionViewCell.swift */; };
		8ECC4296238250B100859ABE /* CalendarVar.swift in Sources */ = {isa = PBXBuildFile; fileRef = 8ECC4295238250B100859ABE /* CalendarVar.swift */; };
/* End PBXBuildFile section */

/* Begin PBXContainerItemProxy section */
		FAD082CC23912E1A0007E5EF /* PBXContainerItemProxy */ = {
			isa = PBXContainerItemProxy;
			containerPortal = FAD082C223912E190007E5EF /* OAuthSwift.xcodeproj */;
			proxyType = 2;
			remoteGlobalIDString = F435027A1A6791B200038A29;
			remoteInfo = OAuthSwift;
		};
		FAD082CE23912E1A0007E5EF /* PBXContainerItemProxy */ = {
			isa = PBXContainerItemProxy;
			containerPortal = FAD082C223912E190007E5EF /* OAuthSwift.xcodeproj */;
			proxyType = 2;
			remoteGlobalIDString = C48B28021AFA598D00C7DEF6;
			remoteInfo = OAuthSwiftMacOS;
		};
		FAD082D023912E1A0007E5EF /* PBXContainerItemProxy */ = {
			isa = PBXContainerItemProxy;
			containerPortal = FAD082C223912E190007E5EF /* OAuthSwift.xcodeproj */;
			proxyType = 2;
			remoteGlobalIDString = C4B6EE1E1BF74CE300443596;
			remoteInfo = OAuthSwiftTVOS;
		};
		FAD082D223912E1A0007E5EF /* PBXContainerItemProxy */ = {
			isa = PBXContainerItemProxy;
			containerPortal = FAD082C223912E190007E5EF /* OAuthSwift.xcodeproj */;
			proxyType = 2;
			remoteGlobalIDString = C40890C01C11B37000E3146A;
			remoteInfo = OAuthSwiftWatchOS;
		};
		FAD082D423912E1A0007E5EF /* PBXContainerItemProxy */ = {
			isa = PBXContainerItemProxy;
			containerPortal = FAD082C223912E190007E5EF /* OAuthSwift.xcodeproj */;
			proxyType = 2;
			remoteGlobalIDString = F451E3C5195B8CD80051434C;
			remoteInfo = OAuthSwiftDemo;
		};
		FAD082D623912E1A0007E5EF /* PBXContainerItemProxy */ = {
			isa = PBXContainerItemProxy;
			containerPortal = FAD082C223912E190007E5EF /* OAuthSwift.xcodeproj */;
			proxyType = 2;
			remoteGlobalIDString = C49FD5241AFB5DF500791E1A;
			remoteInfo = OAuthSwiftMacOSDemo;
		};
		FAD082D823912E1A0007E5EF /* PBXContainerItemProxy */ = {
			isa = PBXContainerItemProxy;
			containerPortal = FAD082C223912E190007E5EF /* OAuthSwift.xcodeproj */;
			proxyType = 2;
			remoteGlobalIDString = C4D50DF71BFB693F0053B624;
			remoteInfo = OAuthSwiftTests;
		};
		FAD082DA23912E5C0007E5EF /* PBXContainerItemProxy */ = {
			isa = PBXContainerItemProxy;
			containerPortal = FAD082C223912E190007E5EF /* OAuthSwift.xcodeproj */;
			proxyType = 1;
			remoteGlobalIDString = F43502791A6791B200038A29;
			remoteInfo = OAuthSwift;
		};
/* End PBXContainerItemProxy section */

/* Begin PBXFileReference section */
		8ECC427C23824E8A00859ABE /* MyCalendar.app */ = {isa = PBXFileReference; explicitFileType = wrapper.application; includeInIndex = 0; path = MyCalendar.app; sourceTree = BUILT_PRODUCTS_DIR; };
		8ECC427F23824E8A00859ABE /* AppDelegate.swift */ = {isa = PBXFileReference; lastKnownFileType = sourcecode.swift; path = AppDelegate.swift; sourceTree = "<group>"; };
		8ECC428123824E8A00859ABE /* SceneDelegate.swift */ = {isa = PBXFileReference; lastKnownFileType = sourcecode.swift; path = SceneDelegate.swift; sourceTree = "<group>"; };
		8ECC428323824E8A00859ABE /* ViewController.swift */ = {isa = PBXFileReference; lastKnownFileType = sourcecode.swift; path = ViewController.swift; sourceTree = "<group>"; };
		8ECC428623824E8A00859ABE /* Base */ = {isa = PBXFileReference; lastKnownFileType = file.storyboard; name = Base; path = Base.lproj/Main.storyboard; sourceTree = "<group>"; };
		8ECC428823824E8D00859ABE /* Assets.xcassets */ = {isa = PBXFileReference; lastKnownFileType = folder.assetcatalog; path = Assets.xcassets; sourceTree = "<group>"; };
		8ECC428B23824E8D00859ABE /* Base */ = {isa = PBXFileReference; lastKnownFileType = file.storyboard; name = Base; path = Base.lproj/LaunchScreen.storyboard; sourceTree = "<group>"; };
		8ECC428D23824E8D00859ABE /* Info.plist */ = {isa = PBXFileReference; lastKnownFileType = text.plist.xml; path = Info.plist; sourceTree = "<group>"; };
		8ECC429323824FDB00859ABE /* DateCollectionViewCell.swift */ = {isa = PBXFileReference; lastKnownFileType = sourcecode.swift; path = DateCollectionViewCell.swift; sourceTree = "<group>"; };
		8ECC4295238250B100859ABE /* CalendarVar.swift */ = {isa = PBXFileReference; lastKnownFileType = sourcecode.swift; path = CalendarVar.swift; sourceTree = "<group>"; };
		FAD082C223912E190007E5EF /* OAuthSwift.xcodeproj */ = {isa = PBXFileReference; lastKnownFileType = "wrapper.pb-project"; name = OAuthSwift.xcodeproj; path = ../../../../OAuthSwift/OAuthSwift.xcodeproj; sourceTree = "<group>"; };
/* End PBXFileReference section */

/* Begin PBXFrameworksBuildPhase section */
		8ECC427923824E8A00859ABE /* Frameworks */ = {
			isa = PBXFrameworksBuildPhase;
			buildActionMask = 2147483647;
			files = (
			);
			runOnlyForDeploymentPostprocessing = 0;
		};
/* End PBXFrameworksBuildPhase section */

/* Begin PBXGroup section */
		8ECC427323824E8A00859ABE = {
			isa = PBXGroup;
			children = (
				8ECC427E23824E8A00859ABE /* MyCalendar */,
				8ECC427D23824E8A00859ABE /* Products */,
				FAD082C223912E190007E5EF /* OAuthSwift.xcodeproj */,
			);
			sourceTree = "<group>";
		};
		8ECC427D23824E8A00859ABE /* Products */ = {
			isa = PBXGroup;
			children = (
				8ECC427C23824E8A00859ABE /* MyCalendar.app */,
			);
			name = Products;
			sourceTree = "<group>";
		};
		8ECC427E23824E8A00859ABE /* MyCalendar */ = {
			isa = PBXGroup;
			children = (
				8ECC427F23824E8A00859ABE /* AppDelegate.swift */,
				8ECC428123824E8A00859ABE /* SceneDelegate.swift */,
				8ECC428323824E8A00859ABE /* ViewController.swift */,
				8ECC4295238250B100859ABE /* CalendarVar.swift */,
				8ECC429323824FDB00859ABE /* DateCollectionViewCell.swift */,
				8ECC428523824E8A00859ABE /* Main.storyboard */,
				8ECC428823824E8D00859ABE /* Assets.xcassets */,
				8ECC428A23824E8D00859ABE /* LaunchScreen.storyboard */,
				8ECC428D23824E8D00859ABE /* Info.plist */,
			);
			path = MyCalendar;
			sourceTree = "<group>";
		};
		FAD082C323912E190007E5EF /* Products */ = {
			isa = PBXGroup;
			children = (
				FAD082CD23912E1A0007E5EF /* OAuthSwift.framework */,
				FAD082CF23912E1A0007E5EF /* OAuthSwift.framework */,
				FAD082D123912E1A0007E5EF /* OAuthSwift.framework */,
				FAD082D323912E1A0007E5EF /* OAuthSwift.framework */,
				FAD082D523912E1A0007E5EF /* OAuthSwiftDemo.app */,
				FAD082D723912E1A0007E5EF /* OAuthSwiftMacOSDemo.app */,
				FAD082D923912E1A0007E5EF /* OAuthSwiftTests.xctest */,
			);
			name = Products;
			sourceTree = "<group>";
		};
/* End PBXGroup section */

/* Begin PBXNativeTarget section */
		8ECC427B23824E8A00859ABE /* MyCalendar */ = {
			isa = PBXNativeTarget;
			buildConfigurationList = 8ECC429023824E8D00859ABE /* Build configuration list for PBXNativeTarget "MyCalendar" */;
			buildPhases = (
				8ECC427823824E8A00859ABE /* Sources */,
				8ECC427923824E8A00859ABE /* Frameworks */,
				8ECC427A23824E8A00859ABE /* Resources */,
			);
			buildRules = (
			);
			dependencies = (
				FAD082DB23912E5C0007E5EF /* PBXTargetDependency */,
			);
			name = MyCalendar;
			productName = MyCalendar;
			productReference = 8ECC427C23824E8A00859ABE /* MyCalendar.app */;
			productType = "com.apple.product-type.application";
		};
/* End PBXNativeTarget section */

/* Begin PBXProject section */
		8ECC427423824E8A00859ABE /* Project object */ = {
			isa = PBXProject;
			attributes = {
				LastSwiftUpdateCheck = 1110;
				LastUpgradeCheck = 1110;
				ORGANIZATIONNAME = ucdavis.189;
				TargetAttributes = {
					8ECC427B23824E8A00859ABE = {
						CreatedOnToolsVersion = 11.1;
					};
				};
			};
			buildConfigurationList = 8ECC427723824E8A00859ABE /* Build configuration list for PBXProject "MyCalendar" */;
			compatibilityVersion = "Xcode 9.3";
			developmentRegion = en;
			hasScannedForEncodings = 0;
			knownRegions = (
				en,
				Base,
			);
			mainGroup = 8ECC427323824E8A00859ABE;
			productRefGroup = 8ECC427D23824E8A00859ABE /* Products */;
			projectDirPath = "";
			projectReferences = (
				{
					ProductGroup = FAD082C323912E190007E5EF /* Products */;
					ProjectRef = FAD082C223912E190007E5EF /* OAuthSwift.xcodeproj */;
				},
			);
			projectRoot = "";
			targets = (
				8ECC427B23824E8A00859ABE /* MyCalendar */,
			);
		};
/* End PBXProject section */

/* Begin PBXReferenceProxy section */
		FAD082CD23912E1A0007E5EF /* OAuthSwift.framework */ = {
			isa = PBXReferenceProxy;
			fileType = wrapper.framework;
			path = OAuthSwift.framework;
			remoteRef = FAD082CC23912E1A0007E5EF /* PBXContainerItemProxy */;
			sourceTree = BUILT_PRODUCTS_DIR;
		};
		FAD082CF23912E1A0007E5EF /* OAuthSwift.framework */ = {
			isa = PBXReferenceProxy;
			fileType = wrapper.framework;
			path = OAuthSwift.framework;
			remoteRef = FAD082CE23912E1A0007E5EF /* PBXContainerItemProxy */;
			sourceTree = BUILT_PRODUCTS_DIR;
		};
		FAD082D123912E1A0007E5EF /* OAuthSwift.framework */ = {
			isa = PBXReferenceProxy;
			fileType = wrapper.framework;
			path = OAuthSwift.framework;
			remoteRef = FAD082D023912E1A0007E5EF /* PBXContainerItemProxy */;
			sourceTree = BUILT_PRODUCTS_DIR;
		};
		FAD082D323912E1A0007E5EF /* OAuthSwift.framework */ = {
			isa = PBXReferenceProxy;
			fileType = wrapper.framework;
			path = OAuthSwift.framework;
			remoteRef = FAD082D223912E1A0007E5EF /* PBXContainerItemProxy */;
			sourceTree = BUILT_PRODUCTS_DIR;
		};
		FAD082D523912E1A0007E5EF /* OAuthSwiftDemo.app */ = {
			isa = PBXReferenceProxy;
			fileType = wrapper.application;
			path = OAuthSwiftDemo.app;
			remoteRef = FAD082D423912E1A0007E5EF /* PBXContainerItemProxy */;
			sourceTree = BUILT_PRODUCTS_DIR;
		};
		FAD082D723912E1A0007E5EF /* OAuthSwiftMacOSDemo.app */ = {
			isa = PBXReferenceProxy;
			fileType = wrapper.application;
			path = OAuthSwiftMacOSDemo.app;
			remoteRef = FAD082D623912E1A0007E5EF /* PBXContainerItemProxy */;
			sourceTree = BUILT_PRODUCTS_DIR;
		};
		FAD082D923912E1A0007E5EF /* OAuthSwiftTests.xctest */ = {
			isa = PBXReferenceProxy;
			fileType = wrapper.cfbundle;
			path = OAuthSwiftTests.xctest;
			remoteRef = FAD082D823912E1A0007E5EF /* PBXContainerItemProxy */;
			sourceTree = BUILT_PRODUCTS_DIR;
		};
/* End PBXReferenceProxy section */

/* Begin PBXResourcesBuildPhase section */
		8ECC427A23824E8A00859ABE /* Resources */ = {
			isa = PBXResourcesBuildPhase;
			buildActionMask = 2147483647;
			files = (
				8ECC428C23824E8D00859ABE /* LaunchScreen.storyboard in Resources */,
				8ECC428923824E8D00859ABE /* Assets.xcassets in Resources */,
				8ECC428723824E8A00859ABE /* Main.storyboard in Resources */,
			);
			runOnlyForDeploymentPostprocessing = 0;
		};
/* End PBXResourcesBuildPhase section */

/* Begin PBXSourcesBuildPhase section */
		8ECC427823824E8A00859ABE /* Sources */ = {
			isa = PBXSourcesBuildPhase;
			buildActionMask = 2147483647;
			files = (
				8ECC4296238250B100859ABE /* CalendarVar.swift in Sources */,
				8ECC429423824FDB00859ABE /* DateCollectionViewCell.swift in Sources */,
				8ECC428423824E8A00859ABE /* ViewController.swift in Sources */,
				8ECC428023824E8A00859ABE /* AppDelegate.swift in Sources */,
				8ECC428223824E8A00859ABE /* SceneDelegate.swift in Sources */,
			);
			runOnlyForDeploymentPostprocessing = 0;
		};
/* End PBXSourcesBuildPhase section */

/* Begin PBXTargetDependency section */
		FAD082DB23912E5C0007E5EF /* PBXTargetDependency */ = {
			isa = PBXTargetDependency;
			name = OAuthSwift;
			targetProxy = FAD082DA23912E5C0007E5EF /* PBXContainerItemProxy */;
		};
/* End PBXTargetDependency section */

/* Begin PBXVariantGroup section */
		8ECC428523824E8A00859ABE /* Main.storyboard */ = {
			isa = PBXVariantGroup;
			children = (
				8ECC428623824E8A00859ABE /* Base */,
			);
			name = Main.storyboard;
			sourceTree = "<group>";
		};
		8ECC428A23824E8D00859ABE /* LaunchScreen.storyboard */ = {
			isa = PBXVariantGroup;
			children = (
				8ECC428B23824E8D00859ABE /* Base */,
			);
			name = LaunchScreen.storyboard;
			sourceTree = "<group>";
		};
/* End PBXVariantGroup section */

/* Begin XCBuildConfiguration section */
		8ECC428E23824E8D00859ABE /* Debug */ = {
			isa = XCBuildConfiguration;
			buildSettings = {
				ALWAYS_SEARCH_USER_PATHS = NO;
				CLANG_ANALYZER_NONNULL = YES;
				CLANG_ANALYZER_NUMBER_OBJECT_CONVERSION = YES_AGGRESSIVE;
				CLANG_CXX_LANGUAGE_STANDARD = "gnu++14";
				CLANG_CXX_LIBRARY = "libc++";
				CLANG_ENABLE_MODULES = YES;
				CLANG_ENABLE_OBJC_ARC = YES;
				CLANG_ENABLE_OBJC_WEAK = YES;
				CLANG_WARN_BLOCK_CAPTURE_AUTORELEASING = YES;
				CLANG_WARN_BOOL_CONVERSION = YES;
				CLANG_WARN_COMMA = YES;
				CLANG_WARN_CONSTANT_CONVERSION = YES;
				CLANG_WARN_DEPRECATED_OBJC_IMPLEMENTATIONS = YES;
				CLANG_WARN_DIRECT_OBJC_ISA_USAGE = YES_ERROR;
				CLANG_WARN_DOCUMENTATION_COMMENTS = YES;
				CLANG_WARN_EMPTY_BODY = YES;
				CLANG_WARN_ENUM_CONVERSION = YES;
				CLANG_WARN_INFINITE_RECURSION = YES;
				CLANG_WARN_INT_CONVERSION = YES;
				CLANG_WARN_NON_LITERAL_NULL_CONVERSION = YES;
				CLANG_WARN_OBJC_IMPLICIT_RETAIN_SELF = YES;
				CLANG_WARN_OBJC_LITERAL_CONVERSION = YES;
				CLANG_WARN_OBJC_ROOT_CLASS = YES_ERROR;
				CLANG_WARN_RANGE_LOOP_ANALYSIS = YES;
				CLANG_WARN_STRICT_PROTOTYPES = YES;
				CLANG_WARN_SUSPICIOUS_MOVE = YES;
				CLANG_WARN_UNGUARDED_AVAILABILITY = YES_AGGRESSIVE;
				CLANG_WARN_UNREACHABLE_CODE = YES;
				CLANG_WARN__DUPLICATE_METHOD_MATCH = YES;
				COPY_PHASE_STRIP = NO;
				DEBUG_INFORMATION_FORMAT = dwarf;
				ENABLE_STRICT_OBJC_MSGSEND = YES;
				ENABLE_TESTABILITY = YES;
				GCC_C_LANGUAGE_STANDARD = gnu11;
				GCC_DYNAMIC_NO_PIC = NO;
				GCC_NO_COMMON_BLOCKS = YES;
				GCC_OPTIMIZATION_LEVEL = 0;
				GCC_PREPROCESSOR_DEFINITIONS = (
					"DEBUG=1",
					"$(inherited)",
				);
				GCC_WARN_64_TO_32_BIT_CONVERSION = YES;
				GCC_WARN_ABOUT_RETURN_TYPE = YES_ERROR;
				GCC_WARN_UNDECLARED_SELECTOR = YES;
				GCC_WARN_UNINITIALIZED_AUTOS = YES_AGGRESSIVE;
				GCC_WARN_UNUSED_FUNCTION = YES;
				GCC_WARN_UNUSED_VARIABLE = YES;
				IPHONEOS_DEPLOYMENT_TARGET = 13.1;
				MTL_ENABLE_DEBUG_INFO = INCLUDE_SOURCE;
				MTL_FAST_MATH = YES;
				ONLY_ACTIVE_ARCH = YES;
				SDKROOT = iphoneos;
				SWIFT_ACTIVE_COMPILATION_CONDITIONS = DEBUG;
				SWIFT_OPTIMIZATION_LEVEL = "-Onone";
			};
			name = Debug;
		};
		8ECC428F23824E8D00859ABE /* Release */ = {
			isa = XCBuildConfiguration;
			buildSettings = {
				ALWAYS_SEARCH_USER_PATHS = NO;
				CLANG_ANALYZER_NONNULL = YES;
				CLANG_ANALYZER_NUMBER_OBJECT_CONVERSION = YES_AGGRESSIVE;
				CLANG_CXX_LANGUAGE_STANDARD = "gnu++14";
				CLANG_CXX_LIBRARY = "libc++";
				CLANG_ENABLE_MODULES = YES;
				CLANG_ENABLE_OBJC_ARC = YES;
				CLANG_ENABLE_OBJC_WEAK = YES;
				CLANG_WARN_BLOCK_CAPTURE_AUTORELEASING = YES;
				CLANG_WARN_BOOL_CONVERSION = YES;
				CLANG_WARN_COMMA = YES;
				CLANG_WARN_CONSTANT_CONVERSION = YES;
				CLANG_WARN_DEPRECATED_OBJC_IMPLEMENTATIONS = YES;
				CLANG_WARN_DIRECT_OBJC_ISA_USAGE = YES_ERROR;
				CLANG_WARN_DOCUMENTATION_COMMENTS = YES;
				CLANG_WARN_EMPTY_BODY = YES;
				CLANG_WARN_ENUM_CONVERSION = YES;
				CLANG_WARN_INFINITE_RECURSION = YES;
				CLANG_WARN_INT_CONVERSION = YES;
				CLANG_WARN_NON_LITERAL_NULL_CONVERSION = YES;
				CLANG_WARN_OBJC_IMPLICIT_RETAIN_SELF = YES;
				CLANG_WARN_OBJC_LITERAL_CONVERSION = YES;
				CLANG_WARN_OBJC_ROOT_CLASS = YES_ERROR;
				CLANG_WARN_RANGE_LOOP_ANALYSIS = YES;
				CLANG_WARN_STRICT_PROTOTYPES = YES;
				CLANG_WARN_SUSPICIOUS_MOVE = YES;
				CLANG_WARN_UNGUARDED_AVAILABILITY = YES_AGGRESSIVE;
				CLANG_WARN_UNREACHABLE_CODE = YES;
				CLANG_WARN__DUPLICATE_METHOD_MATCH = YES;
				COPY_PHASE_STRIP = NO;
				DEBUG_INFORMATION_FORMAT = "dwarf-with-dsym";
				ENABLE_NS_ASSERTIONS = NO;
				ENABLE_STRICT_OBJC_MSGSEND = YES;
				GCC_C_LANGUAGE_STANDARD = gnu11;
				GCC_NO_COMMON_BLOCKS = YES;
				GCC_WARN_64_TO_32_BIT_CONVERSION = YES;
				GCC_WARN_ABOUT_RETURN_TYPE = YES_ERROR;
				GCC_WARN_UNDECLARED_SELECTOR = YES;
				GCC_WARN_UNINITIALIZED_AUTOS = YES_AGGRESSIVE;
				GCC_WARN_UNUSED_FUNCTION = YES;
				GCC_WARN_UNUSED_VARIABLE = YES;
				IPHONEOS_DEPLOYMENT_TARGET = 13.1;
				MTL_ENABLE_DEBUG_INFO = NO;
				MTL_FAST_MATH = YES;
				SDKROOT = iphoneos;
				SWIFT_COMPILATION_MODE = wholemodule;
				SWIFT_OPTIMIZATION_LEVEL = "-O";
				VALIDATE_PRODUCT = YES;
			};
			name = Release;
		};
		8ECC429123824E8D00859ABE /* Debug */ = {
			isa = XCBuildConfiguration;
			buildSettings = {
				ASSETCATALOG_COMPILER_APPICON_NAME = AppIcon;
				CODE_SIGN_STYLE = Automatic;
				DEVELOPMENT_TEAM = 3CLWDPXBUY;
				INFOPLIST_FILE = MyCalendar/Info.plist;
				LD_RUNPATH_SEARCH_PATHS = (
					"$(inherited)",
					"@executable_path/Frameworks",
				);
				PRODUCT_BUNDLE_IDENTIFIER = ucdavis.edu.MyCalendar;
				PRODUCT_NAME = "$(TARGET_NAME)";
				SWIFT_VERSION = 5.0;
				TARGETED_DEVICE_FAMILY = "1,2";
			};
			name = Debug;
		};
		8ECC429223824E8D00859ABE /* Release */ = {
			isa = XCBuildConfiguration;
			buildSettings = {
				ASSETCATALOG_COMPILER_APPICON_NAME = AppIcon;
				CODE_SIGN_STYLE = Automatic;
				DEVELOPMENT_TEAM = 3CLWDPXBUY;
				INFOPLIST_FILE = MyCalendar/Info.plist;
				LD_RUNPATH_SEARCH_PATHS = (
					"$(inherited)",
					"@executable_path/Frameworks",
				);
				PRODUCT_BUNDLE_IDENTIFIER = ucdavis.edu.MyCalendar;
				PRODUCT_NAME = "$(TARGET_NAME)";
				SWIFT_VERSION = 5.0;
				TARGETED_DEVICE_FAMILY = "1,2";
			};
			name = Release;
		};
/* End XCBuildConfiguration section */

/* Begin XCConfigurationList section */
		8ECC427723824E8A00859ABE /* Build configuration list for PBXProject "MyCalendar" */ = {
			isa = XCConfigurationList;
			buildConfigurations = (
				8ECC428E23824E8D00859ABE /* Debug */,
				8ECC428F23824E8D00859ABE /* Release */,
			);
			defaultConfigurationIsVisible = 0;
			defaultConfigurationName = Release;
		};
		8ECC429023824E8D00859ABE /* Build configuration list for PBXNativeTarget "MyCalendar" */ = {
			isa = XCConfigurationList;
			buildConfigurations = (
				8ECC429123824E8D00859ABE /* Debug */,
				8ECC429223824E8D00859ABE /* Release */,
			);
			defaultConfigurationIsVisible = 0;
			defaultConfigurationName = Release;
		};
/* End XCConfigurationList section */
	};
	rootObject = 8ECC427423824E8A00859ABE /* Project object */;
}
