// !$*UTF8*$!
{
	archiveVersion = 1;
	classes = {
	};
	objectVersion = 50;
	objects = {

/* Begin PBXBuildFile section */
		8E3ACDDD237CFECE000F63F6 /* AppDelegate.swift in Sources */ = {isa = PBXBuildFile; fileRef = 8E3ACDDC237CFECE000F63F6 /* AppDelegate.swift */; };
		8E3ACDDF237CFECE000F63F6 /* SceneDelegate.swift in Sources */ = {isa = PBXBuildFile; fileRef = 8E3ACDDE237CFECE000F63F6 /* SceneDelegate.swift */; };
		8E3ACDE1237CFECE000F63F6 /* ViewController.swift in Sources */ = {isa = PBXBuildFile; fileRef = 8E3ACDE0237CFECE000F63F6 /* ViewController.swift */; };
		8E3ACDE4237CFECE000F63F6 /* Main.storyboard in Resources */ = {isa = PBXBuildFile; fileRef = 8E3ACDE2237CFECE000F63F6 /* Main.storyboard */; };
		8E3ACDE6237CFED0000F63F6 /* Assets.xcassets in Resources */ = {isa = PBXBuildFile; fileRef = 8E3ACDE5237CFED0000F63F6 /* Assets.xcassets */; };
		8E3ACDE9237CFED0000F63F6 /* LaunchScreen.storyboard in Resources */ = {isa = PBXBuildFile; fileRef = 8E3ACDE7237CFED0000F63F6 /* LaunchScreen.storyboard */; };
		8ECC4270238247F100859ABE /* DateCollectionViewCell.swift in Sources */ = {isa = PBXBuildFile; fileRef = 8ECC426F238247F100859ABE /* DateCollectionViewCell.swift */; };
		8ECC427223824E4F00859ABE /* ecs189final in Resources */ = {isa = PBXBuildFile; fileRef = 8ECC427123824E4F00859ABE /* ecs189final */; };
/* End PBXBuildFile section */

/* Begin PBXFileReference section */
		8E3ACDD9237CFECE000F63F6 /* ecs189final.app */ = {isa = PBXFileReference; explicitFileType = wrapper.application; includeInIndex = 0; path = ecs189final.app; sourceTree = BUILT_PRODUCTS_DIR; };
		8E3ACDDC237CFECE000F63F6 /* AppDelegate.swift */ = {isa = PBXFileReference; lastKnownFileType = sourcecode.swift; path = AppDelegate.swift; sourceTree = "<group>"; };
		8E3ACDDE237CFECE000F63F6 /* SceneDelegate.swift */ = {isa = PBXFileReference; lastKnownFileType = sourcecode.swift; path = SceneDelegate.swift; sourceTree = "<group>"; };
		8E3ACDE0237CFECE000F63F6 /* ViewController.swift */ = {isa = PBXFileReference; lastKnownFileType = sourcecode.swift; path = ViewController.swift; sourceTree = "<group>"; };
		8E3ACDE3237CFECE000F63F6 /* Base */ = {isa = PBXFileReference; lastKnownFileType = file.storyboard; name = Base; path = Base.lproj/Main.storyboard; sourceTree = "<group>"; };
		8E3ACDE5237CFED0000F63F6 /* Assets.xcassets */ = {isa = PBXFileReference; lastKnownFileType = folder.assetcatalog; path = Assets.xcassets; sourceTree = "<group>"; };
		8E3ACDE8237CFED0000F63F6 /* Base */ = {isa = PBXFileReference; lastKnownFileType = file.storyboard; name = Base; path = Base.lproj/LaunchScreen.storyboard; sourceTree = "<group>"; };
		8E3ACDEA237CFED0000F63F6 /* Info.plist */ = {isa = PBXFileReference; lastKnownFileType = text.plist.xml; path = Info.plist; sourceTree = "<group>"; };
		8ECC426F238247F100859ABE /* DateCollectionViewCell.swift */ = {isa = PBXFileReference; lastKnownFileType = sourcecode.swift; path = DateCollectionViewCell.swift; sourceTree = "<group>"; };
		8ECC427123824E4F00859ABE /* ecs189final */ = {isa = PBXFileReference; lastKnownFileType = folder; name = ecs189final; sourceTree = "<group>"; };
/* End PBXFileReference section */

/* Begin PBXFrameworksBuildPhase section */
		8E3ACDD6237CFECE000F63F6 /* Frameworks */ = {
			isa = PBXFrameworksBuildPhase;
			buildActionMask = 2147483647;
			files = (
			);
			runOnlyForDeploymentPostprocessing = 0;
		};
/* End PBXFrameworksBuildPhase section */

/* Begin PBXGroup section */
		8E3ACDD0237CFECE000F63F6 = {
			isa = PBXGroup;
			children = (
				8E3ACDDB237CFECE000F63F6 /* ecs189final */,
				8E3ACDDA237CFECE000F63F6 /* Products */,
			);
			sourceTree = "<group>";
		};
		8E3ACDDA237CFECE000F63F6 /* Products */ = {
			isa = PBXGroup;
			children = (
				8E3ACDD9237CFECE000F63F6 /* ecs189final.app */,
			);
			name = Products;
			sourceTree = "<group>";
		};
		8E3ACDDB237CFECE000F63F6 /* ecs189final */ = {
			isa = PBXGroup;
			children = (
				8E3ACDDC237CFECE000F63F6 /* AppDelegate.swift */,
				8E3ACDDE237CFECE000F63F6 /* SceneDelegate.swift */,
				8E3ACDE0237CFECE000F63F6 /* ViewController.swift */,
				8ECC426F238247F100859ABE /* DateCollectionViewCell.swift */,
				8ECC427123824E4F00859ABE /* ecs189final */,
				8E3ACDE2237CFECE000F63F6 /* Main.storyboard */,
				8E3ACDE5237CFED0000F63F6 /* Assets.xcassets */,
				8E3ACDE7237CFED0000F63F6 /* LaunchScreen.storyboard */,
				8E3ACDEA237CFED0000F63F6 /* Info.plist */,
			);
			path = ecs189final;
			sourceTree = "<group>";
		};
/* End PBXGroup section */

/* Begin PBXNativeTarget section */
		8E3ACDD8237CFECE000F63F6 /* ecs189final */ = {
			isa = PBXNativeTarget;
			buildConfigurationList = 8E3ACDED237CFED0000F63F6 /* Build configuration list for PBXNativeTarget "ecs189final" */;
			buildPhases = (
				8E3ACDD5237CFECE000F63F6 /* Sources */,
				8E3ACDD6237CFECE000F63F6 /* Frameworks */,
				8E3ACDD7237CFECE000F63F6 /* Resources */,
			);
			buildRules = (
			);
			dependencies = (
			);
			name = ecs189final;
			productName = ecs189final;
			productReference = 8E3ACDD9237CFECE000F63F6 /* ecs189final.app */;
			productType = "com.apple.product-type.application";
		};
/* End PBXNativeTarget section */

/* Begin PBXProject section */
		8E3ACDD1237CFECE000F63F6 /* Project object */ = {
			isa = PBXProject;
			attributes = {
				LastSwiftUpdateCheck = 1110;
				LastUpgradeCheck = 1110;
				ORGANIZATIONNAME = ucdavis.189;
				TargetAttributes = {
					8E3ACDD8237CFECE000F63F6 = {
						CreatedOnToolsVersion = 11.1;
					};
				};
			};
			buildConfigurationList = 8E3ACDD4237CFECE000F63F6 /* Build configuration list for PBXProject "ecs189final" */;
			compatibilityVersion = "Xcode 9.3";
			developmentRegion = en;
			hasScannedForEncodings = 0;
			knownRegions = (
				en,
				Base,
			);
			mainGroup = 8E3ACDD0237CFECE000F63F6;
			productRefGroup = 8E3ACDDA237CFECE000F63F6 /* Products */;
			projectDirPath = "";
			projectRoot = "";
			targets = (
				8E3ACDD8237CFECE000F63F6 /* ecs189final */,
			);
		};
/* End PBXProject section */

/* Begin PBXResourcesBuildPhase section */
		8E3ACDD7237CFECE000F63F6 /* Resources */ = {
			isa = PBXResourcesBuildPhase;
			buildActionMask = 2147483647;
			files = (
				8E3ACDE9237CFED0000F63F6 /* LaunchScreen.storyboard in Resources */,
				8E3ACDE6237CFED0000F63F6 /* Assets.xcassets in Resources */,
				8ECC427223824E4F00859ABE /* ecs189final in Resources */,
				8E3ACDE4237CFECE000F63F6 /* Main.storyboard in Resources */,
			);
			runOnlyForDeploymentPostprocessing = 0;
		};
/* End PBXResourcesBuildPhase section */

/* Begin PBXSourcesBuildPhase section */
		8E3ACDD5237CFECE000F63F6 /* Sources */ = {
			isa = PBXSourcesBuildPhase;
			buildActionMask = 2147483647;
			files = (
				8ECC4270238247F100859ABE /* DateCollectionViewCell.swift in Sources */,
				8E3ACDE1237CFECE000F63F6 /* ViewController.swift in Sources */,
				8E3ACDDD237CFECE000F63F6 /* AppDelegate.swift in Sources */,
				8E3ACDDF237CFECE000F63F6 /* SceneDelegate.swift in Sources */,
			);
			runOnlyForDeploymentPostprocessing = 0;
		};
/* End PBXSourcesBuildPhase section */

/* Begin PBXVariantGroup section */
		8E3ACDE2237CFECE000F63F6 /* Main.storyboard */ = {
			isa = PBXVariantGroup;
			children = (
				8E3ACDE3237CFECE000F63F6 /* Base */,
			);
			name = Main.storyboard;
			sourceTree = "<group>";
		};
		8E3ACDE7237CFED0000F63F6 /* LaunchScreen.storyboard */ = {
			isa = PBXVariantGroup;
			children = (
				8E3ACDE8237CFED0000F63F6 /* Base */,
			);
			name = LaunchScreen.storyboard;
			sourceTree = "<group>";
		};
/* End PBXVariantGroup section */

/* Begin XCBuildConfiguration section */
		8E3ACDEB237CFED0000F63F6 /* Debug */ = {
			isa = XCBuildConfiguration;
			buildSettings = {
				ALWAYS_SEARCH_USER_PATHS = NO;
				CLANG_ANALYZER_NONNULL = YES;
				CLANG_ANALYZER_NUMBER_OBJECT_CONVERSION = YES_AGGRESSIVE;
				CLANG_CXX_LANGUAGE_STANDARD = "gnu++14";
				CLANG_CXX_LIBRARY = "libc++";
				CLANG_ENABLE_MODULES = YES;
				CLANG_ENABLE_OBJC_ARC = YES;
				CLANG_ENABLE_OBJC_WEAK = YES;
				CLANG_WARN_BLOCK_CAPTURE_AUTORELEASING = YES;
				CLANG_WARN_BOOL_CONVERSION = YES;
				CLANG_WARN_COMMA = YES;
				CLANG_WARN_CONSTANT_CONVERSION = YES;
				CLANG_WARN_DEPRECATED_OBJC_IMPLEMENTATIONS = YES;
				CLANG_WARN_DIRECT_OBJC_ISA_USAGE = YES_ERROR;
				CLANG_WARN_DOCUMENTATION_COMMENTS = YES;
				CLANG_WARN_EMPTY_BODY = YES;
				CLANG_WARN_ENUM_CONVERSION = YES;
				CLANG_WARN_INFINITE_RECURSION = YES;
				CLANG_WARN_INT_CONVERSION = YES;
				CLANG_WARN_NON_LITERAL_NULL_CONVERSION = YES;
				CLANG_WARN_OBJC_IMPLICIT_RETAIN_SELF = YES;
				CLANG_WARN_OBJC_LITERAL_CONVERSION = YES;
				CLANG_WARN_OBJC_ROOT_CLASS = YES_ERROR;
				CLANG_WARN_RANGE_LOOP_ANALYSIS = YES;
				CLANG_WARN_STRICT_PROTOTYPES = YES;
				CLANG_WARN_SUSPICIOUS_MOVE = YES;
				CLANG_WARN_UNGUARDED_AVAILABILITY = YES_AGGRESSIVE;
				CLANG_WARN_UNREACHABLE_CODE = YES;
				CLANG_WARN__DUPLICATE_METHOD_MATCH = YES;
				COPY_PHASE_STRIP = NO;
				DEBUG_INFORMATION_FORMAT = dwarf;
				ENABLE_STRICT_OBJC_MSGSEND = YES;
				ENABLE_TESTABILITY = YES;
				GCC_C_LANGUAGE_STANDARD = gnu11;
				GCC_DYNAMIC_NO_PIC = NO;
				GCC_NO_COMMON_BLOCKS = YES;
				GCC_OPTIMIZATION_LEVEL = 0;
				GCC_PREPROCESSOR_DEFINITIONS = (
					"DEBUG=1",
					"$(inherited)",
				);
				GCC_WARN_64_TO_32_BIT_CONVERSION = YES;
				GCC_WARN_ABOUT_RETURN_TYPE = YES_ERROR;
				GCC_WARN_UNDECLARED_SELECTOR = YES;
				GCC_WARN_UNINITIALIZED_AUTOS = YES_AGGRESSIVE;
				GCC_WARN_UNUSED_FUNCTION = YES;
				GCC_WARN_UNUSED_VARIABLE = YES;
				IPHONEOS_DEPLOYMENT_TARGET = 13.1;
				MTL_ENABLE_DEBUG_INFO = INCLUDE_SOURCE;
				MTL_FAST_MATH = YES;
				ONLY_ACTIVE_ARCH = YES;
				SDKROOT = iphoneos;
				SWIFT_ACTIVE_COMPILATION_CONDITIONS = DEBUG;
				SWIFT_OPTIMIZATION_LEVEL = "-Onone";
			};
			name = Debug;
		};
		8E3ACDEC237CFED0000F63F6 /* Release */ = {
			isa = XCBuildConfiguration;
			buildSettings = {
				ALWAYS_SEARCH_USER_PATHS = NO;
				CLANG_ANALYZER_NONNULL = YES;
				CLANG_ANALYZER_NUMBER_OBJECT_CONVERSION = YES_AGGRESSIVE;
				CLANG_CXX_LANGUAGE_STANDARD = "gnu++14";
				CLANG_CXX_LIBRARY = "libc++";
				CLANG_ENABLE_MODULES = YES;
				CLANG_ENABLE_OBJC_ARC = YES;
				CLANG_ENABLE_OBJC_WEAK = YES;
				CLANG_WARN_BLOCK_CAPTURE_AUTORELEASING = YES;
				CLANG_WARN_BOOL_CONVERSION = YES;
				CLANG_WARN_COMMA = YES;
				CLANG_WARN_CONSTANT_CONVERSION = YES;
				CLANG_WARN_DEPRECATED_OBJC_IMPLEMENTATIONS = YES;
				CLANG_WARN_DIRECT_OBJC_ISA_USAGE = YES_ERROR;
				CLANG_WARN_DOCUMENTATION_COMMENTS = YES;
				CLANG_WARN_EMPTY_BODY = YES;
				CLANG_WARN_ENUM_CONVERSION = YES;
				CLANG_WARN_INFINITE_RECURSION = YES;
				CLANG_WARN_INT_CONVERSION = YES;
				CLANG_WARN_NON_LITERAL_NULL_CONVERSION = YES;
				CLANG_WARN_OBJC_IMPLICIT_RETAIN_SELF = YES;
				CLANG_WARN_OBJC_LITERAL_CONVERSION = YES;
				CLANG_WARN_OBJC_ROOT_CLASS = YES_ERROR;
				CLANG_WARN_RANGE_LOOP_ANALYSIS = YES;
				CLANG_WARN_STRICT_PROTOTYPES = YES;
				CLANG_WARN_SUSPICIOUS_MOVE = YES;
				CLANG_WARN_UNGUARDED_AVAILABILITY = YES_AGGRESSIVE;
				CLANG_WARN_UNREACHABLE_CODE = YES;
				CLANG_WARN__DUPLICATE_METHOD_MATCH = YES;
				COPY_PHASE_STRIP = NO;
				DEBUG_INFORMATION_FORMAT = "dwarf-with-dsym";
				ENABLE_NS_ASSERTIONS = NO;
				ENABLE_STRICT_OBJC_MSGSEND = YES;
				GCC_C_LANGUAGE_STANDARD = gnu11;
				GCC_NO_COMMON_BLOCKS = YES;
				GCC_WARN_64_TO_32_BIT_CONVERSION = YES;
				GCC_WARN_ABOUT_RETURN_TYPE = YES_ERROR;
				GCC_WARN_UNDECLARED_SELECTOR = YES;
				GCC_WARN_UNINITIALIZED_AUTOS = YES_AGGRESSIVE;
				GCC_WARN_UNUSED_FUNCTION = YES;
				GCC_WARN_UNUSED_VARIABLE = YES;
				IPHONEOS_DEPLOYMENT_TARGET = 13.1;
				MTL_ENABLE_DEBUG_INFO = NO;
				MTL_FAST_MATH = YES;
				SDKROOT = iphoneos;
				SWIFT_COMPILATION_MODE = wholemodule;
				SWIFT_OPTIMIZATION_LEVEL = "-O";
				VALIDATE_PRODUCT = YES;
			};
			name = Release;
		};
		8E3ACDEE237CFED0000F63F6 /* Debug */ = {
			isa = XCBuildConfiguration;
			buildSettings = {
				ASSETCATALOG_COMPILER_APPICON_NAME = AppIcon;
				CODE_SIGN_STYLE = Automatic;
				DEVELOPMENT_TEAM = 3CLWDPXBUY;
				INFOPLIST_FILE = ecs189final/Info.plist;
				LD_RUNPATH_SEARCH_PATHS = (
					"$(inherited)",
					"@executable_path/Frameworks",
				);
				PRODUCT_BUNDLE_IDENTIFIER = ucdavis.edu.ecs189final;
				PRODUCT_NAME = "$(TARGET_NAME)";
				SWIFT_VERSION = 5.0;
				TARGETED_DEVICE_FAMILY = "1,2";
			};
			name = Debug;
		};
		8E3ACDEF237CFED0000F63F6 /* Release */ = {
			isa = XCBuildConfiguration;
			buildSettings = {
				ASSETCATALOG_COMPILER_APPICON_NAME = AppIcon;
				CODE_SIGN_STYLE = Automatic;
				DEVELOPMENT_TEAM = 3CLWDPXBUY;
				INFOPLIST_FILE = ecs189final/Info.plist;
				LD_RUNPATH_SEARCH_PATHS = (
					"$(inherited)",
					"@executable_path/Frameworks",
				);
				PRODUCT_BUNDLE_IDENTIFIER = ucdavis.edu.ecs189final;
				PRODUCT_NAME = "$(TARGET_NAME)";
				SWIFT_VERSION = 5.0;
				TARGETED_DEVICE_FAMILY = "1,2";
			};
			name = Release;
		};
/* End XCBuildConfiguration section */

/* Begin XCConfigurationList section */
		8E3ACDD4237CFECE000F63F6 /* Build configuration list for PBXProject "ecs189final" */ = {
			isa = XCConfigurationList;
			buildConfigurations = (
				8E3ACDEB237CFED0000F63F6 /* Debug */,
				8E3ACDEC237CFED0000F63F6 /* Release */,
			);
			defaultConfigurationIsVisible = 0;
			defaultConfigurationName = Release;
		};
		8E3ACDED237CFED0000F63F6 /* Build configuration list for PBXNativeTarget "ecs189final" */ = {
			isa = XCConfigurationList;
			buildConfigurations = (
				8E3ACDEE237CFED0000F63F6 /* Debug */,
				8E3ACDEF237CFED0000F63F6 /* Release */,
			);
			defaultConfigurationIsVisible = 0;
			defaultConfigurationName = Release;
		};
/* End XCConfigurationList section */
	};
	rootObject = 8E3ACDD1237CFECE000F63F6 /* Project object */;
}
